{
  "version": 4,
  "terraform_version": "1.2.8",
  "serial": 24,
  "lineage": "d188c6b2-74b4-77d1-caf4-1e1a1adb02bb",
  "outputs": {},
  "resources": [
    {
      "mode": "managed",
      "type": "panos_address_object",
      "name": "wp",
      "provider": "provider[\"registry.terraform.io/paloaltonetworks/panos\"]",
      "instances": [
        {
          "schema_version": 1,
          "attributes": {
            "description": "Internal server",
            "device_group": "shared",
            "id": "vsys1:wordpress server",
            "name": "wordpress server",
            "tags": null,
            "type": "ip-netmask",
            "value": "10.1.23.45",
            "vsys": "vsys1"
          },
          "sensitive_attributes": [],
          "private": "eyJzY2hlbWFfdmVyc2lvbiI6IjEifQ=="
        }
      ]
    },
    {
      "mode": "managed",
      "type": "panos_ethernet_interface",
      "name": "eth3",
      "provider": "provider[\"registry.terraform.io/paloaltonetworks/panos\"]",
      "instances": [
        {
          "schema_version": 0,
          "attributes": {
            "adjust_tcp_mss": false,
            "aggregate_group": "",
            "comment": "",
            "create_dhcp_default_route": true,
            "decrypt_forward": false,
            "dhcp_default_route_metric": 0,
            "dhcp_send_hostname_enable": false,
            "dhcp_send_hostname_value": "",
            "enable_dhcp": true,
            "id": "vsys1:ethernet1/3",
            "ipv4_mss_adjust": 0,
            "ipv6_enabled": false,
            "ipv6_mss_adjust": 0,
            "lacp_ha_passive_pre_negotiation": false,
            "lacp_port_priority": 0,
            "link_duplex": "",
            "link_speed": "",
            "link_state": "",
            "lldp_enabled": false,
            "lldp_ha_passive_pre_negotiation": false,
            "lldp_profile": "",
            "management_profile": "",
            "mode": "layer3",
            "mtu": 0,
            "name": "ethernet1/3",
            "netflow_profile": "",
            "rx_policing_rate": 0,
            "static_ips": [],
            "tx_policing_rate": 0,
            "vsys": "vsys1"
          },
          "sensitive_attributes": [],
          "private": "bnVsbA=="
        }
      ]
    },
    {
      "mode": "managed",
      "type": "panos_ethernet_interface",
      "name": "eth4",
      "provider": "provider[\"registry.terraform.io/paloaltonetworks/panos\"]",
      "instances": [
        {
          "schema_version": 0,
          "attributes": {
            "adjust_tcp_mss": false,
            "aggregate_group": "",
            "comment": "",
            "create_dhcp_default_route": false,
            "decrypt_forward": false,
            "dhcp_default_route_metric": 0,
            "dhcp_send_hostname_enable": false,
            "dhcp_send_hostname_value": "",
            "enable_dhcp": true,
            "id": "vsys1:ethernet1/4",
            "ipv4_mss_adjust": 0,
            "ipv6_enabled": false,
            "ipv6_mss_adjust": 0,
            "lacp_ha_passive_pre_negotiation": false,
            "lacp_port_priority": 0,
            "link_duplex": "",
            "link_speed": "",
            "link_state": "",
            "lldp_enabled": false,
            "lldp_ha_passive_pre_negotiation": false,
            "lldp_profile": "",
            "management_profile": "",
            "mode": "layer3",
            "mtu": 0,
            "name": "ethernet1/4",
            "netflow_profile": "",
            "rx_policing_rate": 0,
            "static_ips": [],
            "tx_policing_rate": 0,
            "vsys": "vsys1"
          },
          "sensitive_attributes": [],
          "private": "bnVsbA=="
        }
      ]
    },
    {
      "mode": "managed",
      "type": "panos_security_rule_group",
      "name": "policy",
      "provider": "provider[\"registry.terraform.io/paloaltonetworks/panos\"]",
      "instances": [
        {
          "schema_version": 1,
          "attributes": {
            "device_group": "shared",
            "id": "shared:pre-rulebase:vsys1:0::V29yZHByZXNzIFRyYWZmaWMKT3V0Ym91bmQKRGVmYXVsdCBEZW55",
            "position_keyword": "",
            "position_reference": "",
            "rule": [
              {
                "action": "allow",
                "applications": [
                  "web-browsing"
                ],
                "audit_comment": "",
                "categories": [
                  "any"
                ],
                "data_filtering": "",
                "description": "",
                "destination_addresses": [
                  "any"
                ],
                "destination_devices": null,
                "destination_zones": [
                  "L3-trust"
                ],
                "disable_server_response_inspection": false,
                "disabled": false,
                "file_blocking": "",
                "group": "",
                "group_tag": "",
                "hip_profiles": [
                  "any"
                ],
                "icmp_unreachable": false,
                "log_end": true,
                "log_setting": "",
                "log_start": false,
                "name": "Wordpress Traffic",
                "negate_destination": false,
                "negate_source": false,
                "negate_target": false,
                "schedule": "",
                "services": [
                  "application-default"
                ],
                "source_addresses": [
                  "any"
                ],
                "source_devices": null,
                "source_users": [
                  "any"
                ],
                "source_zones": [
                  "L3-untrust"
                ],
                "spyware": "",
                "tags": null,
                "target": [],
                "type": "universal",
                "url_filtering": "",
                "uuid": "5019990e-ea19-4d4c-9885-39acf34de99b",
                "virus": "",
                "vulnerability": "",
                "wildfire_analysis": ""
              },
              {
                "action": "allow",
                "applications": [
                  "any"
                ],
                "audit_comment": "",
                "categories": [
                  "any"
                ],
                "data_filtering": "",
                "description": "",
                "destination_addresses": [
                  "any"
                ],
                "destination_devices": null,
                "destination_zones": [
                  "L3-untrust"
                ],
                "disable_server_response_inspection": false,
                "disabled": false,
                "file_blocking": "",
                "group": "",
                "group_tag": "",
                "hip_profiles": [
                  "any"
                ],
                "icmp_unreachable": false,
                "log_end": true,
                "log_setting": "",
                "log_start": false,
                "name": "Outbound",
                "negate_destination": false,
                "negate_source": false,
                "negate_target": false,
                "schedule": "",
                "services": [
                  "application-default"
                ],
                "source_addresses": [
                  "any"
                ],
                "source_devices": null,
                "source_users": [
                  "any"
                ],
                "source_zones": [
                  "L3-trust"
                ],
                "spyware": "",
                "tags": null,
                "target": [],
                "type": "universal",
                "url_filtering": "",
                "uuid": "d25ea08a-f350-4380-9413-090a82557377",
                "virus": "",
                "vulnerability": "",
                "wildfire_analysis": ""
              },
              {
                "action": "deny",
                "applications": [
                  "any"
                ],
                "audit_comment": "",
                "categories": [
                  "any"
                ],
                "data_filtering": "",
                "description": "",
                "destination_addresses": [
                  "any"
                ],
                "destination_devices": null,
                "destination_zones": [
                  "any"
                ],
                "disable_server_response_inspection": false,
                "disabled": false,
                "file_blocking": "",
                "group": "",
                "group_tag": "",
                "hip_profiles": [
                  "any"
                ],
                "icmp_unreachable": false,
                "log_end": true,
                "log_setting": "",
                "log_start": false,
                "name": "Default Deny",
                "negate_destination": false,
                "negate_source": false,
                "negate_target": false,
                "schedule": "",
                "services": [
                  "application-default"
                ],
                "source_addresses": [
                  "any"
                ],
                "source_devices": null,
                "source_users": [
                  "any"
                ],
                "source_zones": [
                  "any"
                ],
                "spyware": "",
                "tags": null,
                "target": [],
                "type": "universal",
                "url_filtering": "",
                "uuid": "d0d64b2d-bf7d-4582-a099-a23df4101206",
                "virus": "",
                "vulnerability": "",
                "wildfire_analysis": ""
              }
            ],
            "rulebase": "pre-rulebase",
            "timeouts": null,
            "vsys": "vsys1"
          },
          "sensitive_attributes": [],
          "private": "eyJlMmJmYjczMC1lY2FhLTExZTYtOGY4OC0zNDM2M2JjN2M0YzAiOnsiY3JlYXRlIjo2MDAwMDAwMDAwMDAsInVwZGF0ZSI6NjAwMDAwMDAwMDAwfSwic2NoZW1hX3ZlcnNpb24iOiIxIn0=",
          "dependencies": [
            "panos_zone.ext",
            "panos_zone.int"
          ]
        }
      ]
    },
    {
      "mode": "managed",
      "type": "panos_virtual_router",
      "name": "vr",
      "provider": "provider[\"registry.terraform.io/paloaltonetworks/panos\"]",
      "instances": [
        {
          "schema_version": 1,
          "attributes": {
            "ebgp_dist": 20,
            "ecmp_hash_seed": 0,
            "ecmp_hash_source_only": false,
            "ecmp_hash_use_port": false,
            "ecmp_load_balance_method": "",
            "ecmp_max_path": 0,
            "ecmp_strict_source_path": false,
            "ecmp_symmetric_return": false,
            "ecmp_weighted_round_robin_interfaces": {},
            "enable_ecmp": false,
            "ibgp_dist": 200,
            "id": ":::default",
            "interfaces": [
              "ethernet1/3",
              "ethernet1/4"
            ],
            "name": "default",
            "ospf_ext_dist": 110,
            "ospf_int_dist": 30,
            "ospfv3_ext_dist": 110,
            "ospfv3_int_dist": 30,
            "rip_dist": 120,
            "static_dist": 10,
            "static_ipv6_dist": 10,
            "template": "",
            "template_stack": "",
            "vsys": ""
          },
          "sensitive_attributes": [],
          "private": "eyJzY2hlbWFfdmVyc2lvbiI6IjEifQ==",
          "dependencies": [
            "panos_ethernet_interface.eth3",
            "panos_ethernet_interface.eth4"
          ]
        }
      ]
    },
    {
      "mode": "managed",
      "type": "panos_zone",
      "name": "ext",
      "provider": "provider[\"registry.terraform.io/paloaltonetworks/panos\"]",
      "instances": [
        {
          "schema_version": 1,
          "attributes": {
            "enable_user_id": false,
            "exclude_acls": [],
            "id": "::vsys1:L3-untrust",
            "include_acls": [],
            "interfaces": [
              "ethernet1/4"
            ],
            "log_setting": "",
            "mode": "layer3",
            "name": "L3-untrust",
            "template": "",
            "template_stack": "",
            "vsys": "vsys1",
            "zone_profile": ""
          },
          "sensitive_attributes": [],
          "private": "eyJzY2hlbWFfdmVyc2lvbiI6IjEifQ==",
          "dependencies": [
            "panos_ethernet_interface.eth4"
          ]
        }
      ]
    },
    {
      "mode": "managed",
      "type": "panos_zone",
      "name": "int",
      "provider": "provider[\"registry.terraform.io/paloaltonetworks/panos\"]",
      "instances": [
        {
          "schema_version": 1,
          "attributes": {
            "enable_user_id": false,
            "exclude_acls": [],
            "id": "::vsys1:L3-trust",
            "include_acls": [],
            "interfaces": [
              "ethernet1/3"
            ],
            "log_setting": "",
            "mode": "layer3",
            "name": "L3-trust",
            "template": "",
            "template_stack": "",
            "vsys": "vsys1",
            "zone_profile": ""
          },
          "sensitive_attributes": [],
          "private": "eyJzY2hlbWFfdmVyc2lvbiI6IjEifQ==",
          "dependencies": [
            "panos_ethernet_interface.eth3"
          ]
        }
      ]
    }
  ]
}
