{
  "version": 4,
  "terraform_version": "1.2.8",
  "serial": 21,
  "lineage": "d188c6b2-74b4-77d1-caf4-1e1a1adb02bb",
  "outputs": {},
  "resources": [
    {
      "mode": "managed",
      "type": "panos_ethernet_interface",
      "name": "eth3",
      "provider": "provider[\"registry.terraform.io/paloaltonetworks/panos\"]",
      "instances": [
        {
          "schema_version": 0,
          "attributes": {
            "adjust_tcp_mss": false,
            "aggregate_group": "",
            "comment": "",
            "create_dhcp_default_route": true,
            "decrypt_forward": false,
            "dhcp_default_route_metric": 0,
            "dhcp_send_hostname_enable": false,
            "dhcp_send_hostname_value": "",
            "enable_dhcp": true,
            "id": "vsys1:ethernet1/3",
            "ipv4_mss_adjust": 0,
            "ipv6_enabled": false,
            "ipv6_mss_adjust": 0,
            "lacp_ha_passive_pre_negotiation": false,
            "lacp_port_priority": 0,
            "link_duplex": "",
            "link_speed": "",
            "link_state": "",
            "lldp_enabled": false,
            "lldp_ha_passive_pre_negotiation": false,
            "lldp_profile": "",
            "management_profile": "",
            "mode": "layer3",
            "mtu": 0,
            "name": "ethernet1/3",
            "netflow_profile": "",
            "rx_policing_rate": 0,
            "static_ips": null,
            "tx_policing_rate": 0,
            "vsys": "vsys1"
          },
          "sensitive_attributes": [],
          "private": "bnVsbA=="
        }
      ]
    },
    {
      "mode": "managed",
      "type": "panos_ethernet_interface",
      "name": "eth4",
      "provider": "provider[\"registry.terraform.io/paloaltonetworks/panos\"]",
      "instances": [
        {
          "schema_version": 0,
          "attributes": {
            "adjust_tcp_mss": false,
            "aggregate_group": "",
            "comment": "",
            "create_dhcp_default_route": false,
            "decrypt_forward": false,
            "dhcp_default_route_metric": 0,
            "dhcp_send_hostname_enable": false,
            "dhcp_send_hostname_value": "",
            "enable_dhcp": true,
            "id": "vsys1:ethernet1/4",
            "ipv4_mss_adjust": 0,
            "ipv6_enabled": false,
            "ipv6_mss_adjust": 0,
            "lacp_ha_passive_pre_negotiation": false,
            "lacp_port_priority": 0,
            "link_duplex": "",
            "link_speed": "",
            "link_state": "",
            "lldp_enabled": false,
            "lldp_ha_passive_pre_negotiation": false,
            "lldp_profile": "",
            "management_profile": "",
            "mode": "layer3",
            "mtu": 0,
            "name": "ethernet1/4",
            "netflow_profile": "",
            "rx_policing_rate": 0,
            "static_ips": null,
            "tx_policing_rate": 0,
            "vsys": "vsys1"
          },
          "sensitive_attributes": [],
          "private": "bnVsbA=="
        }
      ]
    },
    {
      "mode": "managed",
      "type": "panos_virtual_router",
      "name": "vr",
      "provider": "provider[\"registry.terraform.io/paloaltonetworks/panos\"]",
      "instances": [
        {
          "schema_version": 1,
          "attributes": {
            "ebgp_dist": 20,
            "ecmp_hash_seed": 0,
            "ecmp_hash_source_only": false,
            "ecmp_hash_use_port": false,
            "ecmp_load_balance_method": "",
            "ecmp_max_path": 0,
            "ecmp_strict_source_path": false,
            "ecmp_symmetric_return": false,
            "ecmp_weighted_round_robin_interfaces": null,
            "enable_ecmp": false,
            "ibgp_dist": 200,
            "id": ":::default",
            "interfaces": [
              "ethernet1/3",
              "ethernet1/4"
            ],
            "name": "default",
            "ospf_ext_dist": 110,
            "ospf_int_dist": 30,
            "ospfv3_ext_dist": 110,
            "ospfv3_int_dist": 30,
            "rip_dist": 120,
            "static_dist": 10,
            "static_ipv6_dist": 10,
            "template": "",
            "template_stack": "",
            "vsys": ""
          },
          "sensitive_attributes": [],
          "private": "eyJzY2hlbWFfdmVyc2lvbiI6IjEifQ==",
          "dependencies": [
            "panos_ethernet_interface.eth3",
            "panos_ethernet_interface.eth4"
          ]
        }
      ]
    },
    {
      "mode": "managed",
      "type": "panos_zone",
      "name": "ext",
      "provider": "provider[\"registry.terraform.io/paloaltonetworks/panos\"]",
      "instances": [
        {
          "schema_version": 1,
          "attributes": {
            "enable_user_id": false,
            "exclude_acls": null,
            "id": "::vsys1:L3-untrust",
            "include_acls": null,
            "interfaces": [
              "ethernet1/4"
            ],
            "log_setting": "",
            "mode": "layer3",
            "name": "L3-untrust",
            "template": "",
            "template_stack": "",
            "vsys": "vsys1",
            "zone_profile": ""
          },
          "sensitive_attributes": [],
          "private": "eyJzY2hlbWFfdmVyc2lvbiI6IjEifQ==",
          "dependencies": [
            "panos_ethernet_interface.eth4"
          ]
        }
      ]
    },
    {
      "mode": "managed",
      "type": "panos_zone",
      "name": "int",
      "provider": "provider[\"registry.terraform.io/paloaltonetworks/panos\"]",
      "instances": [
        {
          "schema_version": 1,
          "attributes": {
            "enable_user_id": false,
            "exclude_acls": null,
            "id": "::vsys1:L3-trust",
            "include_acls": null,
            "interfaces": [
              "ethernet1/3"
            ],
            "log_setting": "",
            "mode": "layer3",
            "name": "L3-trust",
            "template": "",
            "template_stack": "",
            "vsys": "vsys1",
            "zone_profile": ""
          },
          "sensitive_attributes": [],
          "private": "eyJzY2hlbWFfdmVyc2lvbiI6IjEifQ==",
          "dependencies": [
            "panos_ethernet_interface.eth3"
          ]
        }
      ]
    }
  ]
}
